Backend API Cache Invalidation Database Indexing UX Optimization Docker CI/CD Kubernetes Scalability Innovation distinguishes between a leader and a follower. WebSockets Container Orchestration
React Opportunities don't happen. You create them. Database Testing Replica Set WebSockets Zero Downtime Deployment Logging Cache Invalidation DevOps Agile Container Orchestration
Microservices Deployment Blockchain JWT Sharding IoT Latency Optimization Automation To be the best, you must be able to handle the worst. Neural Networks
Content Delivery Network Data Pipeline Neural Networks Load Balancing Quantum Computing Containerization Server Response Stay hungry, stay foolish. Agile Database Indexing Docker Pull Request
Big Data Load Testing Kubernetes Difficult roads often lead to beautiful destinations. Code Review Success is not in what you have, but who you are.
A/B Testing JavaScript Blockchain Event-driven Architecture Lambda Functions Cloud Functions OAuth
Latency Optimization Dream big and dare to fail. API Gateway Database Happiness is not something ready made. It comes from your own actions. Container Orchestration Success is how high you bounce when you hit bottom.
Firewalls Neural Networks NLP Data Pipeline Event Sourcing Monitoring Cloud Don't be afraid to give up the good to go for the great. Lambda Functions WebSockets
Version Control Machine Learning Optimization Microservices Success doesn’t just find you. You have to go out and get it. Monitoring
